
Microsoft Visual Studio Solution File, Format Version 12.00
# Visual Studio Version 16
VisualStudioVersion = 16.0.30128.36
MinimumVisualStudioVersion = 10.0.40219.1
Project("{9A19103F-16F7-4668-BE54-9A1E7A4F7556}") = "DurableFunctionsBrowser", "DurableFunctions.Web\DurableFunctionsBrowser.csproj", "{BF728DF2-0D4A-42B1-8EA0-A7EC803C0B65}"
EndProject
Global
	GlobalSection(SolutionConfigurationPlatforms) = preSolution
		Debug|Any CPU = Debug|Any CPU
		Release|Any CPU = Release|Any CPU
	EndGlobalSection
	GlobalSection(ProjectConfigurationPlatforms) = postSolution
		{BF728DF2-0D4A-42B1-8EA0-A7EC803C0B65}.Debug|Any CPU.ActiveCfg = Debug|Any CPU
		{BF728DF2-0D4A-42B1-8EA0-A7EC803C0B65}.Debug|Any CPU.Build.0 = Debug|Any CPU
		{BF728DF2-0D4A-42B1-8EA0-A7EC803C0B65}.Release|Any CPU.ActiveCfg = Release|Any CPU
		{BF728DF2-0D4A-42B1-8EA0-A7EC803C0B65}.Release|Any CPU.Build.0 = Release|Any CPU
	EndGlobalSection
	GlobalSection(SolutionProperties) = preSolution
		HideSolutionNode = FALSE
	EndGlobalSection
	GlobalSection(ExtensibilityGlobals) = postSolution
		SolutionGuid = {85D8BD06-825C-4633-9EB6-D147F0F4F109}
	EndGlobalSection
EndGlobal
